
Microsoft Visual Studio Solution File, Format Version 11.00
# Visual Studio 2010
Project("{8BC9CEB8-8B4A-11D0-8D11-00A0C91BC942}") = "localserver", "localserver\localserver.vcxproj", "{20C36B5F-4966-4CF9-887B-295140A8100B}"
EndProject
Project("{8BC9CEB8-8B4A-11D0-8D11-00A0C91BC942}") = "client", "client\client.vcxproj", "{9BA1EF56-C578-4BA8-AC18-D23A9545D48F}"
EndProject
Global
	GlobalSection(SolutionConfigurationPlatforms) = preSolution
		Debug|Win32 = Debug|Win32
		Debug|x64 = Debug|x64
		Release|Win32 = Release|Win32
		Release|x64 = Release|x64
	EndGlobalSection
	GlobalSection(ProjectConfigurationPlatforms) = postSolution
		{20C36B5F-4966-4CF9-887B-295140A8100B}.Debug|Win32.ActiveCfg = Debug|Win32
		{20C36B5F-4966-4CF9-887B-295140A8100B}.Debug|Win32.Build.0 = Debug|Win32
		{20C36B5F-4966-4CF9-887B-295140A8100B}.Debug|x64.ActiveCfg = Debug|x64
		{20C36B5F-4966-4CF9-887B-295140A8100B}.Debug|x64.Build.0 = Debug|x64
		{20C36B5F-4966-4CF9-887B-295140A8100B}.Release|Win32.ActiveCfg = Release|Win32
		{20C36B5F-4966-4CF9-887B-295140A8100B}.Release|Win32.Build.0 = Release|Win32
		{20C36B5F-4966-4CF9-887B-295140A8100B}.Release|x64.ActiveCfg = Release|x64
		{20C36B5F-4966-4CF9-887B-295140A8100B}.Release|x64.Build.0 = Release|x64
		{9BA1EF56-C578-4BA8-AC18-D23A9545D48F}.Debug|Win32.ActiveCfg = Debug|Win32
		{9BA1EF56-C578-4BA8-AC18-D23A9545D48F}.Debug|Win32.Build.0 = Debug|Win32
		{9BA1EF56-C578-4BA8-AC18-D23A9545D48F}.Debug|x64.ActiveCfg = Debug|x64
		{9BA1EF56-C578-4BA8-AC18-D23A9545D48F}.Debug|x64.Build.0 = Debug|x64
		{9BA1EF56-C578-4BA8-AC18-D23A9545D48F}.Release|Win32.ActiveCfg = Release|Win32
		{9BA1EF56-C578-4BA8-AC18-D23A9545D48F}.Release|Win32.Build.0 = Release|Win32
		{9BA1EF56-C578-4BA8-AC18-D23A9545D48F}.Release|x64.ActiveCfg = Release|x64
		{9BA1EF56-C578-4BA8-AC18-D23A9545D48F}.Release|x64.Build.0 = Release|x64
	EndGlobalSection
	GlobalSection(SolutionProperties) = preSolution
		HideSolutionNode = FALSE
	EndGlobalSection
EndGlobal
